version = 1
revision = 3
requires-python = ">=3.12"

[[package]]
name = "guess-right"
version = "0.1.0"
source = { editable = "." }

[package.dev-dependencies]
dev = [
    { name = "pybind11" },
    { name = "pybind11-stubgen" },
    { name = "scikit-build-core" },
]

[package.metadata]

[package.metadata.requires-dev]
dev = [
    { name = "pybind11", specifier = ">=3.1.0" },
    { name = "pybind11-stubgen", specifier = ">=2.5.5" },
    { name = "scikit-build-core", specifier = ">=1.0.3" },
]

[[package]]
name = "packaging"
version = "26.3"
source = { registry = "https://pypi.org/simple" }
sdist = { url = "https://files.pythonhosted.org/packages/7d/fa/3944b40b07da9ce895c0e6303a5ab7d53da063554f534556b134a54d6093/packaging-26.3.tar.gz", hash = "sha256:94edc256424af38762eb31306eed28beb9f0efc50a8837492c9d6fd6004aed79", size = 313412, upload-time = "2026-08-04T18:15:28.737Z" }
wheels = [
    { url = "https://files.pythonhosted.org/packages/63/34/ba1c580383c9eada3711951fef0795c80b829a078d72188184bcab9dd527/packaging-26.3-py3-none-any.whl", hash = "sha256:d7193f7c8e4e93f444fde0262bf90af30e16fa0ad0ad44cb553c87339b23cd1c", size = 129956, upload-time = "2026-08-04T18:15:27.159Z" },
]

[[package]]
name = "pathspec"
version = "1.1.1"
source = { registry = "https://pypi.org/simple" }
sdist = { url = "https://files.pythonhosted.org/packages/5a/82/42f767fc1c1143d6fd36efb827202a2d997a375e160a71eb2888a925aac1/pathspec-1.1.1.tar.gz", hash = "sha256:17db5ecd524104a120e173814c90367a96a98d07c45b2e10c2f3919fff91bf5a", size = 135180, upload-time = "2026-04-27T01:46:08.907Z" }
wheels = [
    { url = "https://files.pythonhosted.org/packages/f1/d9/7fb5aa316bc299258e68c73ba3bddbc499654a07f151cba08f6153988714/pathspec-1.1.1-py3-none-any.whl", hash = "sha256:a00ce642f577bf7f473932318056212bc4f8bfdf53128c78bbd5af0b9b20b189", size = 57328, upload-time = "2026-04-27T01:46:07.06Z" },
]

[[package]]
name = "pybind11"
version = "3.1.0"
source = { registry = "https://pypi.org/simple" }
sdist = { url = "https://files.pythonhosted.org/packages/76/f3/95b0f40b31df41dbfe6bb0857419c9442c15839cbac4796f1c26ae0b6081/pybind11-3.1.0.tar.gz", hash = "sha256:a1cc06b524ab3edca51f8ad3895f9c4fa20b8b19283173dff4ae781449dc9639", size = 603746, upload-time = "2026-08-06T23:33:00.675Z" }
wheels = [
    { url = "https://files.pythonhosted.org/packages/33/fd/8762f7ee3e4e4be6d1d846cffb4916dd9bb02b2f800d3603718a0efe494c/pybind11-3.1.0-py3-none-any.whl", hash = "sha256:b8488090f8acffbcb6b5d6a85571a6827a0a2981ffb75e5a0b27b87c4a6b7dd0", size = 319402, upload-time = "2026-08-06T23:32:59.047Z" },
]

[[package]]
name = "pybind11-stubgen"
version = "2.5.5"
source = { registry = "https://pypi.org/simple" }
sdist = { url = "https://files.pythonhosted.org/packages/81/81/81900180501a51056572dd01aa852cc2d162478d4676ecebbfaad5cc20d1/pybind11_stubgen-2.5.5.tar.gz", hash = "sha256:758d6d6bbeefc62ad7f78d5e5bbf357ccf6af83cd4504f5f549403f452942708", size = 25031, upload-time = "2025-08-09T01:22:44.403Z" }
wheels = [
    { url = "https://files.pythonhosted.org/packages/4f/e4/4f2d41881fae547f06ffa4c9748fa8ed13c4db5c830ff268b84175546b3c/pybind11_stubgen-2.5.5-py3-none-any.whl", hash = "sha256:10824cd2fc5cbbee032b8fb39e6f6c08de232deb309bc66d786a6c6e8a4601bd", size = 30210, upload-time = "2025-08-09T01:22:43.135Z" },
]

[[package]]
name = "scikit-build-core"
version = "1.0.3"
source = { registry = "https://pypi.org/simple" }
dependencies = [
    { name = "packaging" },
    { name = "pathspec" },
]
sdist = { url = "https://files.pythonhosted.org/packages/8d/7c/0f69b0c7150ce4bcee78c199fe3b7e03a6e01578451bd5d5d1a58beb32f9/scikit_build_core-1.0.3.tar.gz", hash = "sha256:a4d7a05978ee37975c37743510c8991e2debce7ef83afb0a07c0c576fd4f16e8", size = 477539, upload-time = "2026-07-12T05:08:30.298Z" }
wheels = [
    { url = "https://files.pythonhosted.org/packages/b7/b0/7ad8fa9aebb0835b2e20afebf1483cbe175d1612fe01e85042ce9ced8755/scikit_build_core-1.0.3-py3-none-any.whl", hash = "sha256:ae95427b7d3c14a6cf8bbfd4d901f6138ab64c99e20cbe8ea7d75cd26093f085", size = 278294, upload-time = "2026-07-12T05:08:28.725Z" },
]
